
Microsoft Visual Studio Solution File, Format Version 12.00
# Visual Studio Version 17
VisualStudioVersion = 17.3.32901.215
MinimumVisualStudioVersion = 10.0.40219.1
Project("{FAE04EC0-301F-11D3-BF4B-00C04F79EFBC}") = "ZadachaMassiv2", "ZadachaMassiv2.csproj", "{40D4021D-7EAC-4263-9F06-FD0799C22B1E}"
EndProject
Global
	GlobalSection(SolutionConfigurationPlatforms) = preSolution
		Debug|Any CPU = Debug|Any CPU
		Release|Any CPU = Release|Any CPU
	EndGlobalSection
	GlobalSection(ProjectConfigurationPlatforms) = postSolution
		{40D4021D-7EAC-4263-9F06-FD0799C22B1E}.Debug|Any CPU.ActiveCfg = Debug|Any CPU
		{40D4021D-7EAC-4263-9F06-FD0799C22B1E}.Debug|Any CPU.Build.0 = Debug|Any CPU
		{40D4021D-7EAC-4263-9F06-FD0799C22B1E}.Release|Any CPU.ActiveCfg = Release|Any CPU
		{40D4021D-7EAC-4263-9F06-FD0799C22B1E}.Release|Any CPU.Build.0 = Release|Any CPU
	EndGlobalSection
	GlobalSection(SolutionProperties) = preSolution
		HideSolutionNode = FALSE
	EndGlobalSection
	GlobalSection(ExtensibilityGlobals) = postSolution
		SolutionGuid = {9D8DF897-E270-44FA-A686-F16C0A76DEB3}
	EndGlobalSection
EndGlobal
