
Microsoft Visual Studio Solution File, Format Version 12.00
# Visual Studio Version 17
VisualStudioVersion = 17.3.32901.215
MinimumVisualStudioVersion = 10.0.40219.1
Project("{FAE04EC0-301F-11D3-BF4B-00C04F79EFBC}") = "ZadachaUslovie3", "ZadachaUslovie3.csproj", "{FD6257C0-7F85-4EBA-A0C6-BF5590E1DCCD}"
EndProject
Global
	GlobalSection(SolutionConfigurationPlatforms) = preSolution
		Debug|Any CPU = Debug|Any CPU
		Release|Any CPU = Release|Any CPU
	EndGlobalSection
	GlobalSection(ProjectConfigurationPlatforms) = postSolution
		{FD6257C0-7F85-4EBA-A0C6-BF5590E1DCCD}.Debug|Any CPU.ActiveCfg = Debug|Any CPU
		{FD6257C0-7F85-4EBA-A0C6-BF5590E1DCCD}.Debug|Any CPU.Build.0 = Debug|Any CPU
		{FD6257C0-7F85-4EBA-A0C6-BF5590E1DCCD}.Release|Any CPU.ActiveCfg = Release|Any CPU
		{FD6257C0-7F85-4EBA-A0C6-BF5590E1DCCD}.Release|Any CPU.Build.0 = Release|Any CPU
	EndGlobalSection
	GlobalSection(SolutionProperties) = preSolution
		HideSolutionNode = FALSE
	EndGlobalSection
	GlobalSection(ExtensibilityGlobals) = postSolution
		SolutionGuid = {8CCDE439-BFEF-4506-A78E-3F706874F65B}
	EndGlobalSection
EndGlobal
