
Microsoft Visual Studio Solution File, Format Version 12.00
# Visual Studio Version 17
VisualStudioVersion = 17.3.32901.215
MinimumVisualStudioVersion = 10.0.40219.1
Project("{FAE04EC0-301F-11D3-BF4B-00C04F79EFBC}") = "ZadachaMassiv3", "ZadachaMassiv3.csproj", "{B5688DE9-9F70-469E-BB70-38976A05954D}"
EndProject
Global
	GlobalSection(SolutionConfigurationPlatforms) = preSolution
		Debug|Any CPU = Debug|Any CPU
		Release|Any CPU = Release|Any CPU
	EndGlobalSection
	GlobalSection(ProjectConfigurationPlatforms) = postSolution
		{B5688DE9-9F70-469E-BB70-38976A05954D}.Debug|Any CPU.ActiveCfg = Debug|Any CPU
		{B5688DE9-9F70-469E-BB70-38976A05954D}.Debug|Any CPU.Build.0 = Debug|Any CPU
		{B5688DE9-9F70-469E-BB70-38976A05954D}.Release|Any CPU.ActiveCfg = Release|Any CPU
		{B5688DE9-9F70-469E-BB70-38976A05954D}.Release|Any CPU.Build.0 = Release|Any CPU
	EndGlobalSection
	GlobalSection(SolutionProperties) = preSolution
		HideSolutionNode = FALSE
	EndGlobalSection
	GlobalSection(ExtensibilityGlobals) = postSolution
		SolutionGuid = {8E2A8405-DE5E-4EF8-AA4D-6C142236926B}
	EndGlobalSection
EndGlobal
